
Microsoft Visual Studio Solution File, Format Version 12.00
# Visual Studio Version 17
VisualStudioVersion = 17.1.32407.343
MinimumVisualStudioVersion = 10.0.40219.1
Project("{FAE04EC0-301F-11D3-BF4B-00C04F79EFBC}") = "YoutubeMP3.UI", "YoutubeMP3.UI\YoutubeMP3.UI.csproj", "{E8544584-DE3E-446D-96E9-77FDF78CF315}"
EndProject
Project("{FAE04EC0-301F-11D3-BF4B-00C04F79EFBC}") = "YoutubeMP3.Core", "YoutubeMP3.Core\YoutubeMP3.Core.csproj", "{A8DDD139-D5ED-44C2-9E0D-4006D9F16364}"
EndProject
Global
	GlobalSection(SolutionConfigurationPlatforms) = preSolution
		Debug|Any CPU = Debug|Any CPU
		Debug|x86 = Debug|x86
		Release|Any CPU = Release|Any CPU
		Release|x86 = Release|x86
	EndGlobalSection
	GlobalSection(ProjectConfigurationPlatforms) = postSolution
		{E8544584-DE3E-446D-96E9-77FDF78CF315}.Debug|Any CPU.ActiveCfg = Debug|Any CPU
		{E8544584-DE3E-446D-96E9-77FDF78CF315}.Debug|Any CPU.Build.0 = Debug|Any CPU
		{E8544584-DE3E-446D-96E9-77FDF78CF315}.Debug|x86.ActiveCfg = Debug|x86
		{E8544584-DE3E-446D-96E9-77FDF78CF315}.Debug|x86.Build.0 = Debug|x86
		{E8544584-DE3E-446D-96E9-77FDF78CF315}.Release|Any CPU.ActiveCfg = Release|Any CPU
		{E8544584-DE3E-446D-96E9-77FDF78CF315}.Release|Any CPU.Build.0 = Release|Any CPU
		{E8544584-DE3E-446D-96E9-77FDF78CF315}.Release|x86.ActiveCfg = Release|x86
		{E8544584-DE3E-446D-96E9-77FDF78CF315}.Release|x86.Build.0 = Release|x86
		{A8DDD139-D5ED-44C2-9E0D-4006D9F16364}.Debug|Any CPU.ActiveCfg = Debug|Any CPU
		{A8DDD139-D5ED-44C2-9E0D-4006D9F16364}.Debug|Any CPU.Build.0 = Debug|Any CPU
		{A8DDD139-D5ED-44C2-9E0D-4006D9F16364}.Debug|x86.ActiveCfg = Debug|x86
		{A8DDD139-D5ED-44C2-9E0D-4006D9F16364}.Debug|x86.Build.0 = Debug|x86
		{A8DDD139-D5ED-44C2-9E0D-4006D9F16364}.Release|Any CPU.ActiveCfg = Release|Any CPU
		{A8DDD139-D5ED-44C2-9E0D-4006D9F16364}.Release|Any CPU.Build.0 = Release|Any CPU
		{A8DDD139-D5ED-44C2-9E0D-4006D9F16364}.Release|x86.ActiveCfg = Release|x86
		{A8DDD139-D5ED-44C2-9E0D-4006D9F16364}.Release|x86.Build.0 = Release|x86
	EndGlobalSection
	GlobalSection(SolutionProperties) = preSolution
		HideSolutionNode = FALSE
	EndGlobalSection
	GlobalSection(ExtensibilityGlobals) = postSolution
		SolutionGuid = {37657EC9-2934-4960-A171-058311A672E6}
	EndGlobalSection
EndGlobal
